// !$*UTF8*$!
{
	archiveVersion = 1;
	classes = {
	};
	objectVersion = 46;
	objects = {

/* Begin PBXBuildFile section */
		F5A118671D67F87E00599E2E /* lead_960.jpg in Resources */ = {isa = PBXBuildFile; fileRef = F5A118661D67F87E00599E2E /* lead_960.jpg */; };
		F5A1186D1D67FBF000599E2E /* color.png in Resources */ = {isa = PBXBuildFile; fileRef = F5A1186C1D67FBF000599E2E /* color.png */; };
		F5A1186F1D67FCD200599E2E /* account.png in Resources */ = {isa = PBXBuildFile; fileRef = F5A1186E1D67FCD200599E2E /* account.png */; };
		F5A118721D67FD8B00599E2E /* Lock-Lock-icon.png in Resources */ = {isa = PBXBuildFile; fileRef = F5A118701D67FD8B00599E2E /* Lock-Lock-icon.png */; };
		F5A118731D67FD8B00599E2E /* Users-icon.png in Resources */ = {isa = PBXBuildFile; fileRef = F5A118711D67FD8B00599E2E /* Users-icon.png */; };
		F5AB628E1D67282B0061F399 /* AppDelegate.swift in Sources */ = {isa = PBXBuildFile; fileRef = F5AB628D1D67282B0061F399 /* AppDelegate.swift */; };
		F5AB62901D67282B0061F399 /* ViewController.swift in Sources */ = {isa = PBXBuildFile; fileRef = F5AB628F1D67282B0061F399 /* ViewController.swift */; };
		F5AB62931D67282B0061F399 /* Main.storyboard in Resources */ = {isa = PBXBuildFile; fileRef = F5AB62911D67282B0061F399 /* Main.storyboard */; };
		F5AB62951D67282B0061F399 /* Assets.xcassets in Resources */ = {isa = PBXBuildFile; fileRef = F5AB62941D67282B0061F399 /* Assets.xcassets */; };
		F5AB62981D67282B0061F399 /* LaunchScreen.storyboard in Resources */ = {isa = PBXBuildFile; fileRef = F5AB62961D67282B0061F399 /* LaunchScreen.storyboard */; };
/* End PBXBuildFile section */

/* Begin PBXFileReference section */
		F5A118661D67F87E00599E2E /* lead_960.jpg */ = {isa = PBXFileReference; lastKnownFileType = image.jpeg; name = lead_960.jpg; path = Login/lead_960.jpg; sourceTree = "<group>"; };
		F5A1186C1D67FBF000599E2E /* color.png */ = {isa = PBXFileReference; lastKnownFileType = image.png; path = color.png; sourceTree = "<group>"; };
		F5A1186E1D67FCD200599E2E /* account.png */ = {isa = PBXFileReference; lastKnownFileType = image.png; path = account.png; sourceTree = "<group>"; };
		F5A118701D67FD8B00599E2E /* Lock-Lock-icon.png */ = {isa = PBXFileReference; lastKnownFileType = image.png; path = "Lock-Lock-icon.png"; sourceTree = "<group>"; };
		F5A118711D67FD8B00599E2E /* Users-icon.png */ = {isa = PBXFileReference; lastKnownFileType = image.png; path = "Users-icon.png"; sourceTree = "<group>"; };
		F5AB628A1D67282B0061F399 /* Login.app */ = {isa = PBXFileReference; explicitFileType = wrapper.application; includeInIndex = 0; path = Login.app; sourceTree = BUILT_PRODUCTS_DIR; };
		F5AB628D1D67282B0061F399 /* AppDelegate.swift */ = {isa = PBXFileReference; lastKnownFileType = sourcecode.swift; path = AppDelegate.swift; sourceTree = "<group>"; };
		F5AB628F1D67282B0061F399 /* ViewController.swift */ = {isa = PBXFileReference; lastKnownFileType = sourcecode.swift; path = ViewController.swift; sourceTree = "<group>"; };
		F5AB62921D67282B0061F399 /* Base */ = {isa = PBXFileReference; lastKnownFileType = file.storyboard; name = Base; path = Base.lproj/Main.storyboard; sourceTree = "<group>"; };
		F5AB62941D67282B0061F399 /* Assets.xcassets */ = {isa = PBXFileReference; lastKnownFileType = folder.assetcatalog; path = Assets.xcassets; sourceTree = "<group>"; };
		F5AB62971D67282B0061F399 /* Base */ = {isa = PBXFileReference; lastKnownFileType = file.storyboard; name = Base; path = Base.lproj/LaunchScreen.storyboard; sourceTree = "<group>"; };
		F5AB62991D67282B0061F399 /* Info.plist */ = {isa = PBXFileReference; lastKnownFileType = text.plist.xml; path = Info.plist; sourceTree = "<group>"; };
/* End PBXFileReference section */

/* Begin PBXFrameworksBuildPhase section */
		F5AB62871D67282B0061F399 /* Frameworks */ = {
			isa = PBXFrameworksBuildPhase;
			buildActionMask = 2147483647;
			files = (
			);
			runOnlyForDeploymentPostprocessing = 0;
		};
/* End PBXFrameworksBuildPhase section */

/* Begin PBXGroup section */
		F5A118651D67F87100599E2E /* Image */ = {
			isa = PBXGroup;
			children = (
				F5A118701D67FD8B00599E2E /* Lock-Lock-icon.png */,
				F5A118711D67FD8B00599E2E /* Users-icon.png */,
				F5A1186E1D67FCD200599E2E /* account.png */,
				F5A1186C1D67FBF000599E2E /* color.png */,
				F5A118661D67F87E00599E2E /* lead_960.jpg */,
			);
			name = Image;
			sourceTree = "<group>";
		};
		F5AB62811D67282B0061F399 = {
			isa = PBXGroup;
			children = (
				F5A118651D67F87100599E2E /* Image */,
				F5AB628C1D67282B0061F399 /* Login */,
				F5AB628B1D67282B0061F399 /* Products */,
			);
			sourceTree = "<group>";
		};
		F5AB628B1D67282B0061F399 /* Products */ = {
			isa = PBXGroup;
			children = (
				F5AB628A1D67282B0061F399 /* Login.app */,
			);
			name = Products;
			sourceTree = "<group>";
		};
		F5AB628C1D67282B0061F399 /* Login */ = {
			isa = PBXGroup;
			children = (
				F5AB628D1D67282B0061F399 /* AppDelegate.swift */,
				F5AB628F1D67282B0061F399 /* ViewController.swift */,
				F5AB62911D67282B0061F399 /* Main.storyboard */,
				F5AB62941D67282B0061F399 /* Assets.xcassets */,
				F5AB62961D67282B0061F399 /* LaunchScreen.storyboard */,
				F5AB62991D67282B0061F399 /* Info.plist */,
			);
			path = Login;
			sourceTree = "<group>";
		};
/* End PBXGroup section */

/* Begin PBXNativeTarget section */
		F5AB62891D67282B0061F399 /* Login */ = {
			isa = PBXNativeTarget;
			buildConfigurationList = F5AB629C1D67282B0061F399 /* Build configuration list for PBXNativeTarget "Login" */;
			buildPhases = (
				F5AB62861D67282B0061F399 /* Sources */,
				F5AB62871D67282B0061F399 /* Frameworks */,
				F5AB62881D67282B0061F399 /* Resources */,
			);
			buildRules = (
			);
			dependencies = (
			);
			name = Login;
			productName = Login;
			productReference = F5AB628A1D67282B0061F399 /* Login.app */;
			productType = "com.apple.product-type.application";
		};
/* End PBXNativeTarget section */

/* Begin PBXProject section */
		F5AB62821D67282B0061F399 /* Project object */ = {
			isa = PBXProject;
			attributes = {
				LastSwiftUpdateCheck = 0730;
				LastUpgradeCheck = 0730;
				ORGANIZATIONNAME = "Hoàng Minh Thành";
				TargetAttributes = {
					F5AB62891D67282B0061F399 = {
						CreatedOnToolsVersion = 7.3.1;
					};
				};
			};
			buildConfigurationList = F5AB62851D67282B0061F399 /* Build configuration list for PBXProject "Login" */;
			compatibilityVersion = "Xcode 3.2";
			developmentRegion = English;
			hasScannedForEncodings = 0;
			knownRegions = (
				en,
				Base,
			);
			mainGroup = F5AB62811D67282B0061F399;
			productRefGroup = F5AB628B1D67282B0061F399 /* Products */;
			projectDirPath = "";
			projectRoot = "";
			targets = (
				F5AB62891D67282B0061F399 /* Login */,
			);
		};
/* End PBXProject section */

/* Begin PBXResourcesBuildPhase section */
		F5AB62881D67282B0061F399 /* Resources */ = {
			isa = PBXResourcesBuildPhase;
			buildActionMask = 2147483647;
			files = (
				F5A1186D1D67FBF000599E2E /* color.png in Resources */,
				F5A118731D67FD8B00599E2E /* Users-icon.png in Resources */,
				F5A118721D67FD8B00599E2E /* Lock-Lock-icon.png in Resources */,
				F5AB62981D67282B0061F399 /* LaunchScreen.storyboard in Resources */,
				F5A1186F1D67FCD200599E2E /* account.png in Resources */,
				F5AB62951D67282B0061F399 /* Assets.xcassets in Resources */,
				F5AB62931D67282B0061F399 /* Main.storyboard in Resources */,
				F5A118671D67F87E00599E2E /* lead_960.jpg in Resources */,
			);
			runOnlyForDeploymentPostprocessing = 0;
		};
/* End PBXResourcesBuildPhase section */

/* Begin PBXSourcesBuildPhase section */
		F5AB62861D67282B0061F399 /* Sources */ = {
			isa = PBXSourcesBuildPhase;
			buildActionMask = 2147483647;
			files = (
				F5AB62901D67282B0061F399 /* ViewController.swift in Sources */,
				F5AB628E1D67282B0061F399 /* AppDelegate.swift in Sources */,
			);
			runOnlyForDeploymentPostprocessing = 0;
		};
/* End PBXSourcesBuildPhase section */

/* Begin PBXVariantGroup section */
		F5AB62911D67282B0061F399 /* Main.storyboard */ = {
			isa = PBXVariantGroup;
			children = (
				F5AB62921D67282B0061F399 /* Base */,
			);
			name = Main.storyboard;
			sourceTree = "<group>";
		};
		F5AB62961D67282B0061F399 /* LaunchScreen.storyboard */ = {
			isa = PBXVariantGroup;
			children = (
				F5AB62971D67282B0061F399 /* Base */,
			);
			name = LaunchScreen.storyboard;
			sourceTree = "<group>";
		};
/* End PBXVariantGroup section */

/* Begin XCBuildConfiguration section */
		F5AB629A1D67282B0061F399 /* Debug */ = {
			isa = XCBuildConfiguration;
			buildSettings = {
				ALWAYS_SEARCH_USER_PATHS = NO;
				CLANG_ANALYZER_NONNULL = YES;
				CLANG_CXX_LANGUAGE_STANDARD = "gnu++0x";
				CLANG_CXX_LIBRARY = "libc++";
				CLANG_ENABLE_MODULES = YES;
				CLANG_ENABLE_OBJC_ARC = YES;
				CLANG_WARN_BOOL_CONVERSION = YES;
				CLANG_WARN_CONSTANT_CONVERSION = YES;
				CLANG_WARN_DIRECT_OBJC_ISA_USAGE = YES_ERROR;
				CLANG_WARN_EMPTY_BODY = YES;
				CLANG_WARN_ENUM_CONVERSION = YES;
				CLANG_WARN_INT_CONVERSION = YES;
				CLANG_WARN_OBJC_ROOT_CLASS = YES_ERROR;
				CLANG_WARN_UNREACHABLE_CODE = YES;
				CLANG_WARN__DUPLICATE_METHOD_MATCH = YES;
				"CODE_SIGN_IDENTITY[sdk=iphoneos*]" = "iPhone Developer";
				COPY_PHASE_STRIP = NO;
				DEBUG_INFORMATION_FORMAT = dwarf;
				ENABLE_STRICT_OBJC_MSGSEND = YES;
				ENABLE_TESTABILITY = YES;
				GCC_C_LANGUAGE_STANDARD = gnu99;
				GCC_DYNAMIC_NO_PIC = NO;
				GCC_NO_COMMON_BLOCKS = YES;
				GCC_OPTIMIZATION_LEVEL = 0;
				GCC_PREPROCESSOR_DEFINITIONS = (
					"DEBUG=1",
					"$(inherited)",
				);
				GCC_WARN_64_TO_32_BIT_CONVERSION = YES;
				GCC_WARN_ABOUT_RETURN_TYPE = YES_ERROR;
				GCC_WARN_UNDECLARED_SELECTOR = YES;
				GCC_WARN_UNINITIALIZED_AUTOS = YES_AGGRESSIVE;
				GCC_WARN_UNUSED_FUNCTION = YES;
				GCC_WARN_UNUSED_VARIABLE = YES;
				IPHONEOS_DEPLOYMENT_TARGET = 9.3;
				MTL_ENABLE_DEBUG_INFO = YES;
				ONLY_ACTIVE_ARCH = YES;
				SDKROOT = iphoneos;
				SWIFT_OPTIMIZATION_LEVEL = "-Onone";
			};
			name = Debug;
		};
		F5AB629B1D67282B0061F399 /* Release */ = {
			isa = XCBuildConfiguration;
			buildSettings = {
				ALWAYS_SEARCH_USER_PATHS = NO;
				CLANG_ANALYZER_NONNULL = YES;
				CLANG_CXX_LANGUAGE_STANDARD = "gnu++0x";
				CLANG_CXX_LIBRARY = "libc++";
				CLANG_ENABLE_MODULES = YES;
				CLANG_ENABLE_OBJC_ARC = YES;
				CLANG_WARN_BOOL_CONVERSION = YES;
				CLANG_WARN_CONSTANT_CONVERSION = YES;
				CLANG_WARN_DIRECT_OBJC_ISA_USAGE = YES_ERROR;
				CLANG_WARN_EMPTY_BODY = YES;
				CLANG_WARN_ENUM_CONVERSION = YES;
				CLANG_WARN_INT_CONVERSION = YES;
				CLANG_WARN_OBJC_ROOT_CLASS = YES_ERROR;
				CLANG_WARN_UNREACHABLE_CODE = YES;
				CLANG_WARN__DUPLICATE_METHOD_MATCH = YES;
				"CODE_SIGN_IDENTITY[sdk=iphoneos*]" = "iPhone Developer";
				COPY_PHASE_STRIP = NO;
				DEBUG_INFORMATION_FORMAT = "dwarf-with-dsym";
				ENABLE_NS_ASSERTIONS = NO;
				ENABLE_STRICT_OBJC_MSGSEND = YES;
				GCC_C_LANGUAGE_STANDARD = gnu99;
				GCC_NO_COMMON_BLOCKS = YES;
				GCC_WARN_64_TO_32_BIT_CONVERSION = YES;
				GCC_WARN_ABOUT_RETURN_TYPE = YES_ERROR;
				GCC_WARN_UNDECLARED_SELECTOR = YES;
				GCC_WARN_UNINITIALIZED_AUTOS = YES_AGGRESSIVE;
				GCC_WARN_UNUSED_FUNCTION = YES;
				GCC_WARN_UNUSED_VARIABLE = YES;
				IPHONEOS_DEPLOYMENT_TARGET = 9.3;
				MTL_ENABLE_DEBUG_INFO = NO;
				SDKROOT = iphoneos;
				VALIDATE_PRODUCT = YES;
			};
			name = Release;
		};
		F5AB629D1D67282B0061F399 /* Debug */ = {
			isa = XCBuildConfiguration;
			buildSettings = {
				ASSETCATALOG_COMPILER_APPICON_NAME = AppIcon;
				INFOPLIST_FILE = Login/Info.plist;
				LD_RUNPATH_SEARCH_PATHS = "$(inherited) @executable_path/Frameworks";
				PRODUCT_BUNDLE_IDENTIFIER = HoangMinhThanh.Login;
				PRODUCT_NAME = "$(TARGET_NAME)";
			};
			name = Debug;
		};
		F5AB629E1D67282B0061F399 /* Release */ = {
			isa = XCBuildConfiguration;
			buildSettings = {
				ASSETCATALOG_COMPILER_APPICON_NAME = AppIcon;
				INFOPLIST_FILE = Login/Info.plist;
				LD_RUNPATH_SEARCH_PATHS = "$(inherited) @executable_path/Frameworks";
				PRODUCT_BUNDLE_IDENTIFIER = HoangMinhThanh.Login;
				PRODUCT_NAME = "$(TARGET_NAME)";
			};
			name = Release;
		};
/* End XCBuildConfiguration section */

/* Begin XCConfigurationList section */
		F5AB62851D67282B0061F399 /* Build configuration list for PBXProject "Login" */ = {
			isa = XCConfigurationList;
			buildConfigurations = (
				F5AB629A1D67282B0061F399 /* Debug */,
				F5AB629B1D67282B0061F399 /* Release */,
			);
			defaultConfigurationIsVisible = 0;
			defaultConfigurationName = Release;
		};
		F5AB629C1D67282B0061F399 /* Build configuration list for PBXNativeTarget "Login" */ = {
			isa = XCConfigurationList;
			buildConfigurations = (
				F5AB629D1D67282B0061F399 /* Debug */,
				F5AB629E1D67282B0061F399 /* Release */,
			);
			defaultConfigurationIsVisible = 0;
			defaultConfigurationName = Release;
		};
/* End XCConfigurationList section */
	};
	rootObject = F5AB62821D67282B0061F399 /* Project object */;
}
